// !$*UTF8*$!
{
	archiveVersion = 1;
	classes = {
	};
	objectVersion = 46;
	objects = {

/* Begin PBXBuildFile section */
		AD0F749C1DEFE8700090D6B3 /* SnapKit.framework in Frameworks */ = {isa = PBXBuildFile; fileRef = AD0F749B1DEFE8700090D6B3 /* SnapKit.framework */; };
		AD0F74A01DEFED5D0090D6B3 /* RootViewController.swift in Sources */ = {isa = PBXBuildFile; fileRef = AD0F749F1DEFED5D0090D6B3 /* RootViewController.swift */; };
		AD2800831DD2B54700483B8D /* MePersonDetails.swift in Sources */ = {isa = PBXBuildFile; fileRef = AD2800821DD2B54700483B8D /* MePersonDetails.swift */; };
		AD2800861DD2BBF600483B8D /* MeIssueDetails.swift in Sources */ = {isa = PBXBuildFile; fileRef = AD2800851DD2BBF600483B8D /* MeIssueDetails.swift */; };
		AD2800881DD2BC7000483B8D /* MeSellDetails.swift in Sources */ = {isa = PBXBuildFile; fileRef = AD2800871DD2BC7000483B8D /* MeSellDetails.swift */; };
		AD28008A1DD2BDAA00483B8D /* MeBuyDetails.swift in Sources */ = {isa = PBXBuildFile; fileRef = AD2800891DD2BDAA00483B8D /* MeBuyDetails.swift */; };
		AD28008C1DD2BE6000483B8D /* MeSetDetails.swift in Sources */ = {isa = PBXBuildFile; fileRef = AD28008B1DD2BE6000483B8D /* MeSetDetails.swift */; };
		AD5B0B131DD0982B00E39670 /* AppDelegate.swift in Sources */ = {isa = PBXBuildFile; fileRef = AD5B0B121DD0982B00E39670 /* AppDelegate.swift */; };
		AD5B0B151DD0982B00E39670 /* ViewController.swift in Sources */ = {isa = PBXBuildFile; fileRef = AD5B0B141DD0982B00E39670 /* ViewController.swift */; };
		AD5B0B181DD0982B00E39670 /* Main.storyboard in Resources */ = {isa = PBXBuildFile; fileRef = AD5B0B161DD0982B00E39670 /* Main.storyboard */; };
		AD5B0B1A1DD0982B00E39670 /* Assets.xcassets in Resources */ = {isa = PBXBuildFile; fileRef = AD5B0B191DD0982B00E39670 /* Assets.xcassets */; };
		AD5B0B1D1DD0982B00E39670 /* LaunchScreen.storyboard in Resources */ = {isa = PBXBuildFile; fileRef = AD5B0B1B1DD0982B00E39670 /* LaunchScreen.storyboard */; };
		AD5B0B281DD0982B00E39670 /* MyErShouJieTests.swift in Sources */ = {isa = PBXBuildFile; fileRef = AD5B0B271DD0982B00E39670 /* MyErShouJieTests.swift */; };
		AD5B0B331DD0982B00E39670 /* MyErShouJieUITests.swift in Sources */ = {isa = PBXBuildFile; fileRef = AD5B0B321DD0982B00E39670 /* MyErShouJieUITests.swift */; };
		AD5B0B421DD098A800E39670 /* TabBarViewController.swift in Sources */ = {isa = PBXBuildFile; fileRef = AD5B0B411DD098A800E39670 /* TabBarViewController.swift */; };
		AD5B0B451DD098E200E39670 /* HomeViewController.swift in Sources */ = {isa = PBXBuildFile; fileRef = AD5B0B441DD098E200E39670 /* HomeViewController.swift */; };
		AD5B0B471DD098F300E39670 /* IssueViewController.swift in Sources */ = {isa = PBXBuildFile; fileRef = AD5B0B461DD098F300E39670 /* IssueViewController.swift */; };
		AD5B0B491DD0990400E39670 /* SearchViewController.swift in Sources */ = {isa = PBXBuildFile; fileRef = AD5B0B481DD0990400E39670 /* SearchViewController.swift */; };
		AD5B0B4B1DD0990E00E39670 /* MeViewController.swift in Sources */ = {isa = PBXBuildFile; fileRef = AD5B0B4A1DD0990E00E39670 /* MeViewController.swift */; };
		AD9C6C5F1DE06BED009AB8EC /* HomeHeadCell.swift in Sources */ = {isa = PBXBuildFile; fileRef = AD9C6C5E1DE06BED009AB8EC /* HomeHeadCell.swift */; };
		AD9C6C6A1DE07253009AB8EC /* HomeScrollCell.swift in Sources */ = {isa = PBXBuildFile; fileRef = AD9C6C691DE07253009AB8EC /* HomeScrollCell.swift */; };
		AD9C6C6C1DE07264009AB8EC /* HomeListCell.swift in Sources */ = {isa = PBXBuildFile; fileRef = AD9C6C6B1DE07264009AB8EC /* HomeListCell.swift */; };
		AD9C6C6E1DE0728C009AB8EC /* HomeDefaultCell.swift in Sources */ = {isa = PBXBuildFile; fileRef = AD9C6C6D1DE0728C009AB8EC /* HomeDefaultCell.swift */; };
		AD9C6C741DE073C7009AB8EC /* HomeCycleScrollView.swift in Sources */ = {isa = PBXBuildFile; fileRef = AD9C6C731DE073C7009AB8EC /* HomeCycleScrollView.swift */; };
		AD9C6C761DE07891009AB8EC /* HomeCycleViewCell.swift in Sources */ = {isa = PBXBuildFile; fileRef = AD9C6C751DE07891009AB8EC /* HomeCycleViewCell.swift */; };
		AD9C6C791DE088E0009AB8EC /* UIImage+Extension.swift in Sources */ = {isa = PBXBuildFile; fileRef = AD9C6C781DE088E0009AB8EC /* UIImage+Extension.swift */; };
		AD9C6C8F1DE1AC6D009AB8EC /* HomeHeadCollectionView.swift in Sources */ = {isa = PBXBuildFile; fileRef = AD9C6C8E1DE1AC6D009AB8EC /* HomeHeadCollectionView.swift */; };
		AD9C6C911DE1AF4E009AB8EC /* HomeHeadCollectionViewCell.swift in Sources */ = {isa = PBXBuildFile; fileRef = AD9C6C901DE1AF4E009AB8EC /* HomeHeadCollectionViewCell.swift */; };
		AD9C6C931DE1DC80009AB8EC /* UIImageView+Extension.swift in Sources */ = {isa = PBXBuildFile; fileRef = AD9C6C921DE1DC80009AB8EC /* UIImageView+Extension.swift */; };
		AD9C6C951DE1E090009AB8EC /* UILabel+Extension.swift in Sources */ = {isa = PBXBuildFile; fileRef = AD9C6C941DE1E090009AB8EC /* UILabel+Extension.swift */; };
		AD9C6C991DE2CBD5009AB8EC /* HomeTextScrollView.swift in Sources */ = {isa = PBXBuildFile; fileRef = AD9C6C981DE2CBD5009AB8EC /* HomeTextScrollView.swift */; };
		AD9C6C9B1DE2D106009AB8EC /* HomeTextScrollCell.swift in Sources */ = {isa = PBXBuildFile; fileRef = AD9C6C9A1DE2D106009AB8EC /* HomeTextScrollCell.swift */; };
		CD76BC23472005021F9B8F1E /* Pods_MyErShouJie.framework in Frameworks */ = {isa = PBXBuildFile; fileRef = 9014CADF5676F4BAC045EBFA /* Pods_MyErShouJie.framework */; };
/* End PBXBuildFile section */

/* Begin PBXContainerItemProxy section */
		AD5B0B241DD0982B00E39670 /* PBXContainerItemProxy */ = {
			isa = PBXContainerItemProxy;
			containerPortal = AD5B0B071DD0982B00E39670 /* Project object */;
			proxyType = 1;
			remoteGlobalIDString = AD5B0B0E1DD0982B00E39670;
			remoteInfo = MyErShouJie;
		};
		AD5B0B2F1DD0982B00E39670 /* PBXContainerItemProxy */ = {
			isa = PBXContainerItemProxy;
			containerPortal = AD5B0B071DD0982B00E39670 /* Project object */;
			proxyType = 1;
			remoteGlobalIDString = AD5B0B0E1DD0982B00E39670;
			remoteInfo = MyErShouJie;
		};
/* End PBXContainerItemProxy section */

/* Begin PBXCopyFilesBuildPhase section */
		AD9C6C681DE06E39009AB8EC /* Embed Frameworks */ = {
			isa = PBXCopyFilesBuildPhase;
			buildActionMask = 2147483647;
			dstPath = "";
			dstSubfolderSpec = 10;
			files = (
			);
			name = "Embed Frameworks";
			runOnlyForDeploymentPostprocessing = 0;
		};
/* End PBXCopyFilesBuildPhase section */

/* Begin PBXFileReference section */
		467604BF395531271F0BEA7C /* libPods-MyErShouJieTests.a */ = {isa = PBXFileReference; explicitFileType = archive.ar; includeInIndex = 0; path = "libPods-MyErShouJieTests.a"; sourceTree = BUILT_PRODUCTS_DIR; };
		5DEBD8417D0F983324339EB8 /* Pods-MyErShouJie.release.xcconfig */ = {isa = PBXFileReference; includeInIndex = 1; lastKnownFileType = text.xcconfig; name = "Pods-MyErShouJie.release.xcconfig"; path = "Pods/Target Support Files/Pods-MyErShouJie/Pods-MyErShouJie.release.xcconfig"; sourceTree = "<group>"; };
		9014CADF5676F4BAC045EBFA /* Pods_MyErShouJie.framework */ = {isa = PBXFileReference; explicitFileType = wrapper.framework; includeInIndex = 0; path = Pods_MyErShouJie.framework; sourceTree = BUILT_PRODUCTS_DIR; };
		9665182C5DC775E086232937 /* Pods-MyErShouJie.debug.xcconfig */ = {isa = PBXFileReference; includeInIndex = 1; lastKnownFileType = text.xcconfig; name = "Pods-MyErShouJie.debug.xcconfig"; path = "Pods/Target Support Files/Pods-MyErShouJie/Pods-MyErShouJie.debug.xcconfig"; sourceTree = "<group>"; };
		AD0F749B1DEFE8700090D6B3 /* SnapKit.framework */ = {isa = PBXFileReference; lastKnownFileType = wrapper.framework; name = SnapKit.framework; path = "../../Library/Developer/Xcode/DerivedData/MyErShouJie-dchfnaftqkodnvdaapuogdunivkn/Build/Products/Debug-iphonesimulator/SnapKit/SnapKit.framework"; sourceTree = "<group>"; };
		AD0F749F1DEFED5D0090D6B3 /* RootViewController.swift */ = {isa = PBXFileReference; fileEncoding = 4; lastKnownFileType = sourcecode.swift; path = RootViewController.swift; sourceTree = "<group>"; };
		AD2800821DD2B54700483B8D /* MePersonDetails.swift */ = {isa = PBXFileReference; fileEncoding = 4; lastKnownFileType = sourcecode.swift; path = MePersonDetails.swift; sourceTree = "<group>"; };
		AD2800851DD2BBF600483B8D /* MeIssueDetails.swift */ = {isa = PBXFileReference; fileEncoding = 4; lastKnownFileType = sourcecode.swift; path = MeIssueDetails.swift; sourceTree = "<group>"; };
		AD2800871DD2BC7000483B8D /* MeSellDetails.swift */ = {isa = PBXFileReference; fileEncoding = 4; lastKnownFileType = sourcecode.swift; path = MeSellDetails.swift; sourceTree = "<group>"; };
		AD2800891DD2BDAA00483B8D /* MeBuyDetails.swift */ = {isa = PBXFileReference; fileEncoding = 4; lastKnownFileType = sourcecode.swift; path = MeBuyDetails.swift; sourceTree = "<group>"; };
		AD28008B1DD2BE6000483B8D /* MeSetDetails.swift */ = {isa = PBXFileReference; fileEncoding = 4; lastKnownFileType = sourcecode.swift; path = MeSetDetails.swift; sourceTree = "<group>"; };
		AD5B0B0F1DD0982B00E39670 /* MyErShouJie.app */ = {isa = PBXFileReference; explicitFileType = wrapper.application; includeInIndex = 0; path = MyErShouJie.app; sourceTree = BUILT_PRODUCTS_DIR; };
		AD5B0B121DD0982B00E39670 /* AppDelegate.swift */ = {isa = PBXFileReference; lastKnownFileType = sourcecode.swift; path = AppDelegate.swift; sourceTree = "<group>"; };
		AD5B0B141DD0982B00E39670 /* ViewController.swift */ = {isa = PBXFileReference; lastKnownFileType = sourcecode.swift; path = ViewController.swift; sourceTree = "<group>"; };
		AD5B0B171DD0982B00E39670 /* Base */ = {isa = PBXFileReference; lastKnownFileType = file.storyboard; name = Base; path = Base.lproj/Main.storyboard; sourceTree = "<group>"; };
		AD5B0B191DD0982B00E39670 /* Assets.xcassets */ = {isa = PBXFileReference; lastKnownFileType = folder.assetcatalog; path = Assets.xcassets; sourceTree = "<group>"; };
		AD5B0B1C1DD0982B00E39670 /* Base */ = {isa = PBXFileReference; lastKnownFileType = file.storyboard; name = Base; path = Base.lproj/LaunchScreen.storyboard; sourceTree = "<group>"; };
		AD5B0B1E1DD0982B00E39670 /* Info.plist */ = {isa = PBXFileReference; lastKnownFileType = text.plist.xml; path = Info.plist; sourceTree = "<group>"; };
		AD5B0B231DD0982B00E39670 /* MyErShouJieTests.xctest */ = {isa = PBXFileReference; explicitFileType = wrapper.cfbundle; includeInIndex = 0; path = MyErShouJieTests.xctest; sourceTree = BUILT_PRODUCTS_DIR; };
		AD5B0B271DD0982B00E39670 /* MyErShouJieTests.swift */ = {isa = PBXFileReference; lastKnownFileType = sourcecode.swift; path = MyErShouJieTests.swift; sourceTree = "<group>"; };
		AD5B0B291DD0982B00E39670 /* Info.plist */ = {isa = PBXFileReference; lastKnownFileType = text.plist.xml; path = Info.plist; sourceTree = "<group>"; };
		AD5B0B2E1DD0982B00E39670 /* MyErShouJieUITests.xctest */ = {isa = PBXFileReference; explicitFileType = wrapper.cfbundle; includeInIndex = 0; path = MyErShouJieUITests.xctest; sourceTree = BUILT_PRODUCTS_DIR; };
		AD5B0B321DD0982B00E39670 /* MyErShouJieUITests.swift */ = {isa = PBXFileReference; lastKnownFileType = sourcecode.swift; path = MyErShouJieUITests.swift; sourceTree = "<group>"; };
		AD5B0B341DD0982B00E39670 /* Info.plist */ = {isa = PBXFileReference; lastKnownFileType = text.plist.xml; path = Info.plist; sourceTree = "<group>"; };
		AD5B0B411DD098A800E39670 /* TabBarViewController.swift */ = {isa = PBXFileReference; fileEncoding = 4; lastKnownFileType = sourcecode.swift; path = TabBarViewController.swift; sourceTree = "<group>"; };
		AD5B0B441DD098E200E39670 /* HomeViewController.swift */ = {isa = PBXFileReference; fileEncoding = 4; lastKnownFileType = sourcecode.swift; path = HomeViewController.swift; sourceTree = "<group>"; };
		AD5B0B461DD098F300E39670 /* IssueViewController.swift */ = {isa = PBXFileReference; fileEncoding = 4; lastKnownFileType = sourcecode.swift; path = IssueViewController.swift; sourceTree = "<group>"; };
		AD5B0B481DD0990400E39670 /* SearchViewController.swift */ = {isa = PBXFileReference; fileEncoding = 4; lastKnownFileType = sourcecode.swift; path = SearchViewController.swift; sourceTree = "<group>"; };
		AD5B0B4A1DD0990E00E39670 /* MeViewController.swift */ = {isa = PBXFileReference; fileEncoding = 4; lastKnownFileType = sourcecode.swift; path = MeViewController.swift; sourceTree = "<group>"; };
		AD9C6C5E1DE06BED009AB8EC /* HomeHeadCell.swift */ = {isa = PBXFileReference; fileEncoding = 4; lastKnownFileType = sourcecode.swift; path = HomeHeadCell.swift; sourceTree = "<group>"; };
		AD9C6C691DE07253009AB8EC /* HomeScrollCell.swift */ = {isa = PBXFileReference; fileEncoding = 4; lastKnownFileType = sourcecode.swift; path = HomeScrollCell.swift; sourceTree = "<group>"; };
		AD9C6C6B1DE07264009AB8EC /* HomeListCell.swift */ = {isa = PBXFileReference; fileEncoding = 4; lastKnownFileType = sourcecode.swift; path = HomeListCell.swift; sourceTree = "<group>"; };
		AD9C6C6D1DE0728C009AB8EC /* HomeDefaultCell.swift */ = {isa = PBXFileReference; fileEncoding = 4; lastKnownFileType = sourcecode.swift; path = HomeDefaultCell.swift; sourceTree = "<group>"; };
		AD9C6C731DE073C7009AB8EC /* HomeCycleScrollView.swift */ = {isa = PBXFileReference; fileEncoding = 4; lastKnownFileType = sourcecode.swift; path = HomeCycleScrollView.swift; sourceTree = "<group>"; };
		AD9C6C751DE07891009AB8EC /* HomeCycleViewCell.swift */ = {isa = PBXFileReference; fileEncoding = 4; lastKnownFileType = sourcecode.swift; path = HomeCycleViewCell.swift; sourceTree = "<group>"; };
		AD9C6C781DE088E0009AB8EC /* UIImage+Extension.swift */ = {isa = PBXFileReference; fileEncoding = 4; lastKnownFileType = sourcecode.swift; path = "UIImage+Extension.swift"; sourceTree = "<group>"; };
		AD9C6C8E1DE1AC6D009AB8EC /* HomeHeadCollectionView.swift */ = {isa = PBXFileReference; fileEncoding = 4; lastKnownFileType = sourcecode.swift; path = HomeHeadCollectionView.swift; sourceTree = "<group>"; };
		AD9C6C901DE1AF4E009AB8EC /* HomeHeadCollectionViewCell.swift */ = {isa = PBXFileReference; fileEncoding = 4; lastKnownFileType = sourcecode.swift; path = HomeHeadCollectionViewCell.swift; sourceTree = "<group>"; };
		AD9C6C921DE1DC80009AB8EC /* UIImageView+Extension.swift */ = {isa = PBXFileReference; fileEncoding = 4; lastKnownFileType = sourcecode.swift; path = "UIImageView+Extension.swift"; sourceTree = "<group>"; };
		AD9C6C941DE1E090009AB8EC /* UILabel+Extension.swift */ = {isa = PBXFileReference; fileEncoding = 4; lastKnownFileType = sourcecode.swift; path = "UILabel+Extension.swift"; sourceTree = "<group>"; };
		AD9C6C981DE2CBD5009AB8EC /* HomeTextScrollView.swift */ = {isa = PBXFileReference; fileEncoding = 4; lastKnownFileType = sourcecode.swift; path = HomeTextScrollView.swift; sourceTree = "<group>"; };
		AD9C6C9A1DE2D106009AB8EC /* HomeTextScrollCell.swift */ = {isa = PBXFileReference; fileEncoding = 4; lastKnownFileType = sourcecode.swift; path = HomeTextScrollCell.swift; sourceTree = "<group>"; };
		D18C739FBB085E5DB4DEFD58 /* libPods-MyErShouJieUITests.a */ = {isa = PBXFileReference; explicitFileType = archive.ar; includeInIndex = 0; path = "libPods-MyErShouJieUITests.a"; sourceTree = BUILT_PRODUCTS_DIR; };
/* End PBXFileReference section */

/* Begin PBXFrameworksBuildPhase section */
		AD5B0B0C1DD0982B00E39670 /* Frameworks */ = {
			isa = PBXFrameworksBuildPhase;
			buildActionMask = 2147483647;
			files = (
				AD0F749C1DEFE8700090D6B3 /* SnapKit.framework in Frameworks */,
				CD76BC23472005021F9B8F1E /* Pods_MyErShouJie.framework in Frameworks */,
			);
			runOnlyForDeploymentPostprocessing = 0;
		};
		AD5B0B201DD0982B00E39670 /* Frameworks */ = {
			isa = PBXFrameworksBuildPhase;
			buildActionMask = 2147483647;
			files = (
			);
			runOnlyForDeploymentPostprocessing = 0;
		};
		AD5B0B2B1DD0982B00E39670 /* Frameworks */ = {
			isa = PBXFrameworksBuildPhase;
			buildActionMask = 2147483647;
			files = (
			);
			runOnlyForDeploymentPostprocessing = 0;
		};
/* End PBXFrameworksBuildPhase section */

/* Begin PBXGroup section */
		03C4AD69661365F154C1B8E6 /* Pods */ = {
			isa = PBXGroup;
			children = (
				9665182C5DC775E086232937 /* Pods-MyErShouJie.debug.xcconfig */,
				5DEBD8417D0F983324339EB8 /* Pods-MyErShouJie.release.xcconfig */,
			);
			name = Pods;
			sourceTree = "<group>";
		};
		0778994A08FEBB20C07AE5D4 /* Frameworks */ = {
			isa = PBXGroup;
			children = (
				AD0F749B1DEFE8700090D6B3 /* SnapKit.framework */,
				467604BF395531271F0BEA7C /* libPods-MyErShouJieTests.a */,
				D18C739FBB085E5DB4DEFD58 /* libPods-MyErShouJieUITests.a */,
				9014CADF5676F4BAC045EBFA /* Pods_MyErShouJie.framework */,
			);
			name = Frameworks;
			sourceTree = "<group>";
		};
		AD0F749D1DEFECB20090D6B3 /* Issue */ = {
			isa = PBXGroup;
			children = (
				AD5B0B461DD098F300E39670 /* IssueViewController.swift */,
			);
			name = Issue;
			sourceTree = "<group>";
		};
		AD0F749E1DEFECBA0090D6B3 /* Search */ = {
			isa = PBXGroup;
			children = (
				AD5B0B481DD0990400E39670 /* SearchViewController.swift */,
			);
			name = Search;
			sourceTree = "<group>";
		};
		AD2800841DD2BBC600483B8D /* Me */ = {
			isa = PBXGroup;
			children = (
				AD5B0B4A1DD0990E00E39670 /* MeViewController.swift */,
				AD2800821DD2B54700483B8D /* MePersonDetails.swift */,
				AD2800851DD2BBF600483B8D /* MeIssueDetails.swift */,
				AD2800871DD2BC7000483B8D /* MeSellDetails.swift */,
				AD2800891DD2BDAA00483B8D /* MeBuyDetails.swift */,
				AD28008B1DD2BE6000483B8D /* MeSetDetails.swift */,
			);
			name = Me;
			sourceTree = "<group>";
		};
		AD42BF7F1DD9B332008C1874 /* Home */ = {
			isa = PBXGroup;
			children = (
				AD5B0B441DD098E200E39670 /* HomeViewController.swift */,
				AD9C6C5E1DE06BED009AB8EC /* HomeHeadCell.swift */,
				AD9C6C691DE07253009AB8EC /* HomeScrollCell.swift */,
				AD9C6C6B1DE07264009AB8EC /* HomeListCell.swift */,
				AD9C6C6D1DE0728C009AB8EC /* HomeDefaultCell.swift */,
				AD9C6C731DE073C7009AB8EC /* HomeCycleScrollView.swift */,
				AD9C6C751DE07891009AB8EC /* HomeCycleViewCell.swift */,
				AD9C6C8E1DE1AC6D009AB8EC /* HomeHeadCollectionView.swift */,
				AD9C6C901DE1AF4E009AB8EC /* HomeHeadCollectionViewCell.swift */,
				AD9C6C981DE2CBD5009AB8EC /* HomeTextScrollView.swift */,
				AD9C6C9A1DE2D106009AB8EC /* HomeTextScrollCell.swift */,
			);
			name = Home;
			sourceTree = "<group>";
		};
		AD5B0B061DD0982B00E39670 = {
			isa = PBXGroup;
			children = (
				AD5B0B111DD0982B00E39670 /* MyErShouJie */,
				AD5B0B261DD0982B00E39670 /* MyErShouJieTests */,
				AD5B0B311DD0982B00E39670 /* MyErShouJieUITests */,
				AD5B0B101DD0982B00E39670 /* Products */,
				03C4AD69661365F154C1B8E6 /* Pods */,
				0778994A08FEBB20C07AE5D4 /* Frameworks */,
			);
			sourceTree = "<group>";
		};
		AD5B0B101DD0982B00E39670 /* Products */ = {
			isa = PBXGroup;
			children = (
				AD5B0B0F1DD0982B00E39670 /* MyErShouJie.app */,
				AD5B0B231DD0982B00E39670 /* MyErShouJieTests.xctest */,
				AD5B0B2E1DD0982B00E39670 /* MyErShouJieUITests.xctest */,
			);
			name = Products;
			sourceTree = "<group>";
		};
		AD5B0B111DD0982B00E39670 /* MyErShouJie */ = {
			isa = PBXGroup;
			children = (
				AD5B0B121DD0982B00E39670 /* AppDelegate.swift */,
				AD0F749F1DEFED5D0090D6B3 /* RootViewController.swift */,
				AD5B0B411DD098A800E39670 /* TabBarViewController.swift */,
				AD9C6C771DE088B4009AB8EC /* Common */,
				AD5B0B431DD098C700E39670 /* ViewController */,
				AD5B0B141DD0982B00E39670 /* ViewController.swift */,
				AD5B0B161DD0982B00E39670 /* Main.storyboard */,
				AD5B0B191DD0982B00E39670 /* Assets.xcassets */,
				AD5B0B1B1DD0982B00E39670 /* LaunchScreen.storyboard */,
				AD5B0B1E1DD0982B00E39670 /* Info.plist */,
			);
			path = MyErShouJie;
			sourceTree = "<group>";
		};
		AD5B0B261DD0982B00E39670 /* MyErShouJieTests */ = {
			isa = PBXGroup;
			children = (
				AD5B0B271DD0982B00E39670 /* MyErShouJieTests.swift */,
				AD5B0B291DD0982B00E39670 /* Info.plist */,
			);
			path = MyErShouJieTests;
			sourceTree = "<group>";
		};
		AD5B0B311DD0982B00E39670 /* MyErShouJieUITests */ = {
			isa = PBXGroup;
			children = (
				AD5B0B321DD0982B00E39670 /* MyErShouJieUITests.swift */,
				AD5B0B341DD0982B00E39670 /* Info.plist */,
			);
			path = MyErShouJieUITests;
			sourceTree = "<group>";
		};
		AD5B0B431DD098C700E39670 /* ViewController */ = {
			isa = PBXGroup;
			children = (
				AD42BF7F1DD9B332008C1874 /* Home */,
				AD0F749D1DEFECB20090D6B3 /* Issue */,
				AD0F749E1DEFECBA0090D6B3 /* Search */,
				AD2800841DD2BBC600483B8D /* Me */,
			);
			name = ViewController;
			sourceTree = "<group>";
		};
		AD9C6C771DE088B4009AB8EC /* Common */ = {
			isa = PBXGroup;
			children = (
				AD9C6C781DE088E0009AB8EC /* UIImage+Extension.swift */,
				AD9C6C921DE1DC80009AB8EC /* UIImageView+Extension.swift */,
				AD9C6C941DE1E090009AB8EC /* UILabel+Extension.swift */,
			);
			name = Common;
			sourceTree = "<group>";
		};
/* End PBXGroup section */

/* Begin PBXNativeTarget section */
		AD5B0B0E1DD0982B00E39670 /* MyErShouJie */ = {
			isa = PBXNativeTarget;
			buildConfigurationList = AD5B0B371DD0982B00E39670 /* Build configuration list for PBXNativeTarget "MyErShouJie" */;
			buildPhases = (
				10355F81D90B126ADEDC4AA2 /* [CP] Check Pods Manifest.lock */,
				AD5B0B0B1DD0982B00E39670 /* Sources */,
				AD5B0B0C1DD0982B00E39670 /* Frameworks */,
				AD5B0B0D1DD0982B00E39670 /* Resources */,
				02BD5FE0E175C1D912F72608 /* [CP] Embed Pods Frameworks */,
				0E92CADA1C0505C3A5CEF960 /* [CP] Copy Pods Resources */,
				AD9C6C681DE06E39009AB8EC /* Embed Frameworks */,
			);
			buildRules = (
			);
			dependencies = (
			);
			name = MyErShouJie;
			productName = MyErShouJie;
			productReference = AD5B0B0F1DD0982B00E39670 /* MyErShouJie.app */;
			productType = "com.apple.product-type.application";
		};
		AD5B0B221DD0982B00E39670 /* MyErShouJieTests */ = {
			isa = PBXNativeTarget;
			buildConfigurationList = AD5B0B3A1DD0982B00E39670 /* Build configuration list for PBXNativeTarget "MyErShouJieTests" */;
			buildPhases = (
				AD5B0B1F1DD0982B00E39670 /* Sources */,
				AD5B0B201DD0982B00E39670 /* Frameworks */,
				AD5B0B211DD0982B00E39670 /* Resources */,
			);
			buildRules = (
			);
			dependencies = (
				AD5B0B251DD0982B00E39670 /* PBXTargetDependency */,
			);
			name = MyErShouJieTests;
			productName = MyErShouJieTests;
			productReference = AD5B0B231DD0982B00E39670 /* MyErShouJieTests.xctest */;
			productType = "com.apple.product-type.bundle.unit-test";
		};
		AD5B0B2D1DD0982B00E39670 /* MyErShouJieUITests */ = {
			isa = PBXNativeTarget;
			buildConfigurationList = AD5B0B3D1DD0982B00E39670 /* Build configuration list for PBXNativeTarget "MyErShouJieUITests" */;
			buildPhases = (
				AD5B0B2A1DD0982B00E39670 /* Sources */,
				AD5B0B2B1DD0982B00E39670 /* Frameworks */,
				AD5B0B2C1DD0982B00E39670 /* Resources */,
			);
			buildRules = (
			);
			dependencies = (
				AD5B0B301DD0982B00E39670 /* PBXTargetDependency */,
			);
			name = MyErShouJieUITests;
			productName = MyErShouJieUITests;
			productReference = AD5B0B2E1DD0982B00E39670 /* MyErShouJieUITests.xctest */;
			productType = "com.apple.product-type.bundle.ui-testing";
		};
/* End PBXNativeTarget section */

/* Begin PBXProject section */
		AD5B0B071DD0982B00E39670 /* Project object */ = {
			isa = PBXProject;
			attributes = {
				LastSwiftUpdateCheck = 0810;
				LastUpgradeCheck = 0810;
				ORGANIZATIONNAME = yuqibing;
				TargetAttributes = {
					AD5B0B0E1DD0982B00E39670 = {
						CreatedOnToolsVersion = 8.1;
						DevelopmentTeam = 52R94S6J8U;
						ProvisioningStyle = Automatic;
					};
					AD5B0B221DD0982B00E39670 = {
						CreatedOnToolsVersion = 8.1;
						ProvisioningStyle = Automatic;
						TestTargetID = AD5B0B0E1DD0982B00E39670;
					};
					AD5B0B2D1DD0982B00E39670 = {
						CreatedOnToolsVersion = 8.1;
						ProvisioningStyle = Automatic;
						TestTargetID = AD5B0B0E1DD0982B00E39670;
					};
				};
			};
			buildConfigurationList = AD5B0B0A1DD0982B00E39670 /* Build configuration list for PBXProject "MyErShouJie" */;
			compatibilityVersion = "Xcode 3.2";
			developmentRegion = English;
			hasScannedForEncodings = 0;
			knownRegions = (
				en,
				Base,
			);
			mainGroup = AD5B0B061DD0982B00E39670;
			productRefGroup = AD5B0B101DD0982B00E39670 /* Products */;
			projectDirPath = "";
			projectRoot = "";
			targets = (
				AD5B0B0E1DD0982B00E39670 /* MyErShouJie */,
				AD5B0B221DD0982B00E39670 /* MyErShouJieTests */,
				AD5B0B2D1DD0982B00E39670 /* MyErShouJieUITests */,
			);
		};
/* End PBXProject section */

/* Begin PBXResourcesBuildPhase section */
		AD5B0B0D1DD0982B00E39670 /* Resources */ = {
			isa = PBXResourcesBuildPhase;
			buildActionMask = 2147483647;
			files = (
				AD5B0B1D1DD0982B00E39670 /* LaunchScreen.storyboard in Resources */,
				AD5B0B1A1DD0982B00E39670 /* Assets.xcassets in Resources */,
				AD5B0B181DD0982B00E39670 /* Main.storyboard in Resources */,
			);
			runOnlyForDeploymentPostprocessing = 0;
		};
		AD5B0B211DD0982B00E39670 /* Resources */ = {
			isa = PBXResourcesBuildPhase;
			buildActionMask = 2147483647;
			files = (
			);
			runOnlyForDeploymentPostprocessing = 0;
		};
		AD5B0B2C1DD0982B00E39670 /* Resources */ = {
			isa = PBXResourcesBuildPhase;
			buildActionMask = 2147483647;
			files = (
			);
			runOnlyForDeploymentPostprocessing = 0;
		};
/* End PBXResourcesBuildPhase section */

/* Begin PBXShellScriptBuildPhase section */
		02BD5FE0E175C1D912F72608 /* [CP] Embed Pods Frameworks */ = {
			isa = PBXShellScriptBuildPhase;
			buildActionMask = 2147483647;
			files = (
			);
			inputPaths = (
			);
			name = "[CP] Embed Pods Frameworks";
			outputPaths = (
			);
			runOnlyForDeploymentPostprocessing = 0;
			shellPath = /bin/sh;
			shellScript = "\"${SRCROOT}/Pods/Target Support Files/Pods-MyErShouJie/Pods-MyErShouJie-frameworks.sh\"\n";
			showEnvVarsInLog = 0;
		};
		0E92CADA1C0505C3A5CEF960 /* [CP] Copy Pods Resources */ = {
			isa = PBXShellScriptBuildPhase;
			buildActionMask = 2147483647;
			files = (
			);
			inputPaths = (
			);
			name = "[CP] Copy Pods Resources";
			outputPaths = (
			);
			runOnlyForDeploymentPostprocessing = 0;
			shellPath = /bin/sh;
			shellScript = "\"${SRCROOT}/Pods/Target Support Files/Pods-MyErShouJie/Pods-MyErShouJie-resources.sh\"\n";
			showEnvVarsInLog = 0;
		};
		10355F81D90B126ADEDC4AA2 /* [CP] Check Pods Manifest.lock */ = {
			isa = PBXShellScriptBuildPhase;
			buildActionMask = 2147483647;
			files = (
			);
			inputPaths = (
			);
			name = "[CP] Check Pods Manifest.lock";
			outputPaths = (
			);
			runOnlyForDeploymentPostprocessing = 0;
			shellPath = /bin/sh;
			shellScript = "diff \"${PODS_ROOT}/../Podfile.lock\" \"${PODS_ROOT}/Manifest.lock\" > /dev/null\nif [ $? != 0 ] ; then\n    # print error to STDERR\n    echo \"error: The sandbox is not in sync with the Podfile.lock. Run 'pod install' or update your CocoaPods installation.\" >&2\n    exit 1\nfi\n";
			showEnvVarsInLog = 0;
		};
/* End PBXShellScriptBuildPhase section */

/* Begin PBXSourcesBuildPhase section */
		AD5B0B0B1DD0982B00E39670 /* Sources */ = {
			isa = PBXSourcesBuildPhase;
			buildActionMask = 2147483647;
			files = (
				AD5B0B491DD0990400E39670 /* SearchViewController.swift in Sources */,
				AD9C6C6E1DE0728C009AB8EC /* HomeDefaultCell.swift in Sources */,
				AD5B0B4B1DD0990E00E39670 /* MeViewController.swift in Sources */,
				AD9C6C951DE1E090009AB8EC /* UILabel+Extension.swift in Sources */,
				AD0F74A01DEFED5D0090D6B3 /* RootViewController.swift in Sources */,
				AD9C6C911DE1AF4E009AB8EC /* HomeHeadCollectionViewCell.swift in Sources */,
				AD5B0B471DD098F300E39670 /* IssueViewController.swift in Sources */,
				AD9C6C6C1DE07264009AB8EC /* HomeListCell.swift in Sources */,
				AD9C6C931DE1DC80009AB8EC /* UIImageView+Extension.swift in Sources */,
				AD2800831DD2B54700483B8D /* MePersonDetails.swift in Sources */,
				AD5B0B151DD0982B00E39670 /* ViewController.swift in Sources */,
				AD5B0B421DD098A800E39670 /* TabBarViewController.swift in Sources */,
				AD5B0B131DD0982B00E39670 /* AppDelegate.swift in Sources */,
				AD9C6C761DE07891009AB8EC /* HomeCycleViewCell.swift in Sources */,
				AD2800881DD2BC7000483B8D /* MeSellDetails.swift in Sources */,
				AD9C6C6A1DE07253009AB8EC /* HomeScrollCell.swift in Sources */,
				AD9C6C991DE2CBD5009AB8EC /* HomeTextScrollView.swift in Sources */,
				AD9C6C8F1DE1AC6D009AB8EC /* HomeHeadCollectionView.swift in Sources */,
				AD9C6C741DE073C7009AB8EC /* HomeCycleScrollView.swift in Sources */,
				AD28008C1DD2BE6000483B8D /* MeSetDetails.swift in Sources */,
				AD9C6C5F1DE06BED009AB8EC /* HomeHeadCell.swift in Sources */,
				AD5B0B451DD098E200E39670 /* HomeViewController.swift in Sources */,
				AD9C6C791DE088E0009AB8EC /* UIImage+Extension.swift in Sources */,
				AD2800861DD2BBF600483B8D /* MeIssueDetails.swift in Sources */,
				AD28008A1DD2BDAA00483B8D /* MeBuyDetails.swift in Sources */,
				AD9C6C9B1DE2D106009AB8EC /* HomeTextScrollCell.swift in Sources */,
			);
			runOnlyForDeploymentPostprocessing = 0;
		};
		AD5B0B1F1DD0982B00E39670 /* Sources */ = {
			isa = PBXSourcesBuildPhase;
			buildActionMask = 2147483647;
			files = (
				AD5B0B281DD0982B00E39670 /* MyErShouJieTests.swift in Sources */,
			);
			runOnlyForDeploymentPostprocessing = 0;
		};
		AD5B0B2A1DD0982B00E39670 /* Sources */ = {
			isa = PBXSourcesBuildPhase;
			buildActionMask = 2147483647;
			files = (
				AD5B0B331DD0982B00E39670 /* MyErShouJieUITests.swift in Sources */,
			);
			runOnlyForDeploymentPostprocessing = 0;
		};
/* End PBXSourcesBuildPhase section */

/* Begin PBXTargetDependency section */
		AD5B0B251DD0982B00E39670 /* PBXTargetDependency */ = {
			isa = PBXTargetDependency;
			target = AD5B0B0E1DD0982B00E39670 /* MyErShouJie */;
			targetProxy = AD5B0B241DD0982B00E39670 /* PBXContainerItemProxy */;
		};
		AD5B0B301DD0982B00E39670 /* PBXTargetDependency */ = {
			isa = PBXTargetDependency;
			target = AD5B0B0E1DD0982B00E39670 /* MyErShouJie */;
			targetProxy = AD5B0B2F1DD0982B00E39670 /* PBXContainerItemProxy */;
		};
/* End PBXTargetDependency section */

/* Begin PBXVariantGroup section */
		AD5B0B161DD0982B00E39670 /* Main.storyboard */ = {
			isa = PBXVariantGroup;
			children = (
				AD5B0B171DD0982B00E39670 /* Base */,
			);
			name = Main.storyboard;
			sourceTree = "<group>";
		};
		AD5B0B1B1DD0982B00E39670 /* LaunchScreen.storyboard */ = {
			isa = PBXVariantGroup;
			children = (
				AD5B0B1C1DD0982B00E39670 /* Base */,
			);
			name = LaunchScreen.storyboard;
			sourceTree = "<group>";
		};
/* End PBXVariantGroup section */

/* Begin XCBuildConfiguration section */
		AD5B0B351DD0982B00E39670 /* Debug */ = {
			isa = XCBuildConfiguration;
			buildSettings = {
				ALWAYS_SEARCH_USER_PATHS = NO;
				CLANG_ANALYZER_NONNULL = YES;
				CLANG_CXX_LANGUAGE_STANDARD = "gnu++0x";
				CLANG_CXX_LIBRARY = "libc++";
				CLANG_ENABLE_MODULES = YES;
				CLANG_ENABLE_OBJC_ARC = YES;
				CLANG_WARN_BOOL_CONVERSION = YES;
				CLANG_WARN_CONSTANT_CONVERSION = YES;
				CLANG_WARN_DIRECT_OBJC_ISA_USAGE = YES_ERROR;
				CLANG_WARN_DOCUMENTATION_COMMENTS = YES;
				CLANG_WARN_EMPTY_BODY = YES;
				CLANG_WARN_ENUM_CONVERSION = YES;
				CLANG_WARN_INFINITE_RECURSION = YES;
				CLANG_WARN_INT_CONVERSION = YES;
				CLANG_WARN_OBJC_ROOT_CLASS = YES_ERROR;
				CLANG_WARN_SUSPICIOUS_MOVE = YES;
				CLANG_WARN_SUSPICIOUS_MOVES = YES;
				CLANG_WARN_UNREACHABLE_CODE = YES;
				CLANG_WARN__DUPLICATE_METHOD_MATCH = YES;
				"CODE_SIGN_IDENTITY[sdk=iphoneos*]" = "iPhone Developer";
				COPY_PHASE_STRIP = NO;
				DEBUG_INFORMATION_FORMAT = dwarf;
				ENABLE_STRICT_OBJC_MSGSEND = YES;
				ENABLE_TESTABILITY = YES;
				GCC_C_LANGUAGE_STANDARD = gnu99;
				GCC_DYNAMIC_NO_PIC = NO;
				GCC_NO_COMMON_BLOCKS = YES;
				GCC_OPTIMIZATION_LEVEL = 0;
				GCC_PREPROCESSOR_DEFINITIONS = (
					"DEBUG=1",
					"$(inherited)",
				);
				GCC_WARN_64_TO_32_BIT_CONVERSION = YES;
				GCC_WARN_ABOUT_RETURN_TYPE = YES_ERROR;
				GCC_WARN_UNDECLARED_SELECTOR = YES;
				GCC_WARN_UNINITIALIZED_AUTOS = YES_AGGRESSIVE;
				GCC_WARN_UNUSED_FUNCTION = YES;
				GCC_WARN_UNUSED_VARIABLE = YES;
				IPHONEOS_DEPLOYMENT_TARGET = 10.1;
				MTL_ENABLE_DEBUG_INFO = YES;
				ONLY_ACTIVE_ARCH = YES;
				SDKROOT = iphoneos;
				SWIFT_ACTIVE_COMPILATION_CONDITIONS = DEBUG;
				SWIFT_OPTIMIZATION_LEVEL = "-Onone";
			};
			name = Debug;
		};
		AD5B0B361DD0982B00E39670 /* Release */ = {
			isa = XCBuildConfiguration;
			buildSettings = {
				ALWAYS_SEARCH_USER_PATHS = NO;
				CLANG_ANALYZER_NONNULL = YES;
				CLANG_CXX_LANGUAGE_STANDARD = "gnu++0x";
				CLANG_CXX_LIBRARY = "libc++";
				CLANG_ENABLE_MODULES = YES;
				CLANG_ENABLE_OBJC_ARC = YES;
				CLANG_WARN_BOOL_CONVERSION = YES;
				CLANG_WARN_CONSTANT_CONVERSION = YES;
				CLANG_WARN_DIRECT_OBJC_ISA_USAGE = YES_ERROR;
				CLANG_WARN_DOCUMENTATION_COMMENTS = YES;
				CLANG_WARN_EMPTY_BODY = YES;
				CLANG_WARN_ENUM_CONVERSION = YES;
				CLANG_WARN_INFINITE_RECURSION = YES;
				CLANG_WARN_INT_CONVERSION = YES;
				CLANG_WARN_OBJC_ROOT_CLASS = YES_ERROR;
				CLANG_WARN_SUSPICIOUS_MOVE = YES;
				CLANG_WARN_SUSPICIOUS_MOVES = YES;
				CLANG_WARN_UNREACHABLE_CODE = YES;
				CLANG_WARN__DUPLICATE_METHOD_MATCH = YES;
				"CODE_SIGN_IDENTITY[sdk=iphoneos*]" = "iPhone Developer";
				COPY_PHASE_STRIP = NO;
				DEBUG_INFORMATION_FORMAT = "dwarf-with-dsym";
				ENABLE_NS_ASSERTIONS = NO;
				ENABLE_STRICT_OBJC_MSGSEND = YES;
				GCC_C_LANGUAGE_STANDARD = gnu99;
				GCC_NO_COMMON_BLOCKS = YES;
				GCC_WARN_64_TO_32_BIT_CONVERSION = YES;
				GCC_WARN_ABOUT_RETURN_TYPE = YES_ERROR;
				GCC_WARN_UNDECLARED_SELECTOR = YES;
				GCC_WARN_UNINITIALIZED_AUTOS = YES_AGGRESSIVE;
				GCC_WARN_UNUSED_FUNCTION = YES;
				GCC_WARN_UNUSED_VARIABLE = YES;
				IPHONEOS_DEPLOYMENT_TARGET = 10.1;
				MTL_ENABLE_DEBUG_INFO = NO;
				SDKROOT = iphoneos;
				SWIFT_OPTIMIZATION_LEVEL = "-Owholemodule";
				VALIDATE_PRODUCT = YES;
			};
			name = Release;
		};
		AD5B0B381DD0982B00E39670 /* Debug */ = {
			isa = XCBuildConfiguration;
			baseConfigurationReference = 9665182C5DC775E086232937 /* Pods-MyErShouJie.debug.xcconfig */;
			buildSettings = {
				ALWAYS_EMBED_SWIFT_STANDARD_LIBRARIES = YES;
				ASSETCATALOG_COMPILER_APPICON_NAME = AppIcon;
				DEVELOPMENT_TEAM = 52R94S6J8U;
				FRAMEWORK_SEARCH_PATHS = (
					"$(inherited)",
					"$(PROJECT_DIR)/Pods",
				);
				INFOPLIST_FILE = MyErShouJie/Info.plist;
				LD_RUNPATH_SEARCH_PATHS = "$(inherited) @executable_path/Frameworks";
				PRODUCT_BUNDLE_IDENTIFIER = cn.yuqibing.MyErShouJie;
				PRODUCT_NAME = "$(TARGET_NAME)";
				SWIFT_VERSION = 3.0;
			};
			name = Debug;
		};
		AD5B0B391DD0982B00E39670 /* Release */ = {
			isa = XCBuildConfiguration;
			baseConfigurationReference = 5DEBD8417D0F983324339EB8 /* Pods-MyErShouJie.release.xcconfig */;
			buildSettings = {
				ALWAYS_EMBED_SWIFT_STANDARD_LIBRARIES = YES;
				ASSETCATALOG_COMPILER_APPICON_NAME = AppIcon;
				DEVELOPMENT_TEAM = 52R94S6J8U;
				FRAMEWORK_SEARCH_PATHS = (
					"$(inherited)",
					"$(PROJECT_DIR)/Pods",
				);
				INFOPLIST_FILE = MyErShouJie/Info.plist;
				LD_RUNPATH_SEARCH_PATHS = "$(inherited) @executable_path/Frameworks";
				PRODUCT_BUNDLE_IDENTIFIER = cn.yuqibing.MyErShouJie;
				PRODUCT_NAME = "$(TARGET_NAME)";
				SWIFT_VERSION = 3.0;
			};
			name = Release;
		};
		AD5B0B3B1DD0982B00E39670 /* Debug */ = {
			isa = XCBuildConfiguration;
			buildSettings = {
				ALWAYS_EMBED_SWIFT_STANDARD_LIBRARIES = YES;
				BUNDLE_LOADER = "$(TEST_HOST)";
				INFOPLIST_FILE = MyErShouJieTests/Info.plist;
				LD_RUNPATH_SEARCH_PATHS = "$(inherited) @executable_path/Frameworks @loader_path/Frameworks";
				PRODUCT_BUNDLE_IDENTIFIER = cn.yuqibing.MyErShouJieTests;
				PRODUCT_NAME = "$(TARGET_NAME)";
				SWIFT_VERSION = 3.0;
				TEST_HOST = "$(BUILT_PRODUCTS_DIR)/MyErShouJie.app/MyErShouJie";
			};
			name = Debug;
		};
		AD5B0B3C1DD0982B00E39670 /* Release */ = {
			isa = XCBuildConfiguration;
			buildSettings = {
				ALWAYS_EMBED_SWIFT_STANDARD_LIBRARIES = YES;
				BUNDLE_LOADER = "$(TEST_HOST)";
				INFOPLIST_FILE = MyErShouJieTests/Info.plist;
				LD_RUNPATH_SEARCH_PATHS = "$(inherited) @executable_path/Frameworks @loader_path/Frameworks";
				PRODUCT_BUNDLE_IDENTIFIER = cn.yuqibing.MyErShouJieTests;
				PRODUCT_NAME = "$(TARGET_NAME)";
				SWIFT_VERSION = 3.0;
				TEST_HOST = "$(BUILT_PRODUCTS_DIR)/MyErShouJie.app/MyErShouJie";
			};
			name = Release;
		};
		AD5B0B3E1DD0982B00E39670 /* Debug */ = {
			isa = XCBuildConfiguration;
			buildSettings = {
				ALWAYS_EMBED_SWIFT_STANDARD_LIBRARIES = YES;
				INFOPLIST_FILE = MyErShouJieUITests/Info.plist;
				LD_RUNPATH_SEARCH_PATHS = "$(inherited) @executable_path/Frameworks @loader_path/Frameworks";
				PRODUCT_BUNDLE_IDENTIFIER = cn.yuqibing.MyErShouJieUITests;
				PRODUCT_NAME = "$(TARGET_NAME)";
				SWIFT_VERSION = 3.0;
				TEST_TARGET_NAME = MyErShouJie;
			};
			name = Debug;
		};
		AD5B0B3F1DD0982B00E39670 /* Release */ = {
			isa = XCBuildConfiguration;
			buildSettings = {
				ALWAYS_EMBED_SWIFT_STANDARD_LIBRARIES = YES;
				INFOPLIST_FILE = MyErShouJieUITests/Info.plist;
				LD_RUNPATH_SEARCH_PATHS = "$(inherited) @executable_path/Frameworks @loader_path/Frameworks";
				PRODUCT_BUNDLE_IDENTIFIER = cn.yuqibing.MyErShouJieUITests;
				PRODUCT_NAME = "$(TARGET_NAME)";
				SWIFT_VERSION = 3.0;
				TEST_TARGET_NAME = MyErShouJie;
			};
			name = Release;
		};
/* End XCBuildConfiguration section */

/* Begin XCConfigurationList section */
		AD5B0B0A1DD0982B00E39670 /* Build configuration list for PBXProject "MyErShouJie" */ = {
			isa = XCConfigurationList;
			buildConfigurations = (
				AD5B0B351DD0982B00E39670 /* Debug */,
				AD5B0B361DD0982B00E39670 /* Release */,
			);
			defaultConfigurationIsVisible = 0;
			defaultConfigurationName = Release;
		};
		AD5B0B371DD0982B00E39670 /* Build configuration list for PBXNativeTarget "MyErShouJie" */ = {
			isa = XCConfigurationList;
			buildConfigurations = (
				AD5B0B381DD0982B00E39670 /* Debug */,
				AD5B0B391DD0982B00E39670 /* Release */,
			);
			defaultConfigurationIsVisible = 0;
			defaultConfigurationName = Release;
		};
		AD5B0B3A1DD0982B00E39670 /* Build configuration list for PBXNativeTarget "MyErShouJieTests" */ = {
			isa = XCConfigurationList;
			buildConfigurations = (
				AD5B0B3B1DD0982B00E39670 /* Debug */,
				AD5B0B3C1DD0982B00E39670 /* Release */,
			);
			defaultConfigurationIsVisible = 0;
			defaultConfigurationName = Release;
		};
		AD5B0B3D1DD0982B00E39670 /* Build configuration list for PBXNativeTarget "MyErShouJieUITests" */ = {
			isa = XCConfigurationList;
			buildConfigurations = (
				AD5B0B3E1DD0982B00E39670 /* Debug */,
				AD5B0B3F1DD0982B00E39670 /* Release */,
			);
			defaultConfigurationIsVisible = 0;
			defaultConfigurationName = Release;
		};
/* End XCConfigurationList section */
	};
	rootObject = AD5B0B071DD0982B00E39670 /* Project object */;
}
